
Microsoft Visual Studio Solution File, Format Version 12.00
# Visual Studio Version 16
VisualStudioVersion = 16.0.31702.278
MinimumVisualStudioVersion = 10.0.40219.1
Project("{FAE04EC0-301F-11D3-BF4B-00C04F79EFBC}") = "u2-aspnetcore-mvc-2", "u2-aspnetcore-mvc-2\u2-aspnetcore-mvc-2.csproj", "{13625D84-E6BE-4A08-B311-1679FE5952CD}"
EndProject
Global
	GlobalSection(SolutionConfigurationPlatforms) = preSolution
		Debug|Any CPU = Debug|Any CPU
		Release|Any CPU = Release|Any CPU
	EndGlobalSection
	GlobalSection(ProjectConfigurationPlatforms) = postSolution
		{13625D84-E6BE-4A08-B311-1679FE5952CD}.Debug|Any CPU.ActiveCfg = Debug|Any CPU
		{13625D84-E6BE-4A08-B311-1679FE5952CD}.Debug|Any CPU.Build.0 = Debug|Any CPU
		{13625D84-E6BE-4A08-B311-1679FE5952CD}.Release|Any CPU.ActiveCfg = Release|Any CPU
		{13625D84-E6BE-4A08-B311-1679FE5952CD}.Release|Any CPU.Build.0 = Release|Any CPU
	EndGlobalSection
	GlobalSection(SolutionProperties) = preSolution
		HideSolutionNode = FALSE
	EndGlobalSection
	GlobalSection(ExtensibilityGlobals) = postSolution
		SolutionGuid = {161CB9A9-137E-4E06-8F33-049A08ADB965}
	EndGlobalSection
EndGlobal
