
Microsoft Visual Studio Solution File, Format Version 12.00
# Visual Studio Version 16
VisualStudioVersion = 16.0.31515.178
MinimumVisualStudioVersion = 10.0.40219.1
Project("{FAE04EC0-301F-11D3-BF4B-00C04F79EFBC}") = "ASP.NETApp1", "ASP.NETApp1\ASP.NETApp1.csproj", "{BB2D2C1C-0586-4F6B-BA07-DA4A227211E5}"
EndProject
Global
	GlobalSection(SolutionConfigurationPlatforms) = preSolution
		Debug|Any CPU = Debug|Any CPU
		Release|Any CPU = Release|Any CPU
	EndGlobalSection
	GlobalSection(ProjectConfigurationPlatforms) = postSolution
		{BB2D2C1C-0586-4F6B-BA07-DA4A227211E5}.Debug|Any CPU.ActiveCfg = Debug|Any CPU
		{BB2D2C1C-0586-4F6B-BA07-DA4A227211E5}.Debug|Any CPU.Build.0 = Debug|Any CPU
		{BB2D2C1C-0586-4F6B-BA07-DA4A227211E5}.Release|Any CPU.ActiveCfg = Release|Any CPU
		{BB2D2C1C-0586-4F6B-BA07-DA4A227211E5}.Release|Any CPU.Build.0 = Release|Any CPU
	EndGlobalSection
	GlobalSection(SolutionProperties) = preSolution
		HideSolutionNode = FALSE
	EndGlobalSection
	GlobalSection(ExtensibilityGlobals) = postSolution
		SolutionGuid = {5FB68605-F6C3-4327-B67B-EAA3ABA40BBA}
	EndGlobalSection
EndGlobal
